# This file is automatically @generated by Poetry 1.7.1 and should not be changed by hand.

[[package]]
name = "appdirs"
version = "1.4.4"
description = "A small Python module for determining appropriate platform-specific dirs, e.g. a \"user data dir\"."
optional = false
python-versions = "*"
files = [
    {file = "appdirs-1.4.4-py2.py3-none-any.whl", hash = "sha256:a841dacd6b99318a741b166adb07e19ee71a274450e68237b4650ca1055ab128"},
    {file = "appdirs-1.4.4.tar.gz", hash = "sha256:7d5d0167b2b1ba821647616af46a749d1c653740dd0d2415100fe26e27afdf41"},
]

[[package]]
name = "cachetools"
version = "5.2.0"
description = "Extensible memoizing collections and decorators"
optional = false
python-versions = "~=3.7"
files = [
    {file = "cachetools-5.2.0-py3-none-any.whl", hash = "sha256:f9f17d2aec496a9aa6b76f53e3b614c965223c061982d434d160f930c698a9db"},
    {file = "cachetools-5.2.0.tar.gz", hash = "sha256:6a94c6402995a99c3970cc7e4884bb60b4a8639938157eeed436098bf9831757"},
]

[[package]]
name = "certifi"
version = "2023.7.22"
description = "Python package for providing Mozilla's CA Bundle."
optional = false
python-versions = ">=3.6"
files = [
    {file = "certifi-2023.7.22-py3-none-any.whl", hash = "sha256:92d6037539857d8206b8f6ae472e8b77db8058fec5937a1ef3f54304089edbb9"},
    {file = "certifi-2023.7.22.tar.gz", hash = "sha256:539cc1d13202e33ca466e88b2807e29f4c13049d6d87031a3c110744495cb082"},
]

[[package]]
name = "charset-normalizer"
version = "2.1.1"
description = "The Real First Universal Charset Detector. Open, modern and actively maintained alternative to Chardet."
optional = false
python-versions = ">=3.6.0"
files = [
    {file = "charset-normalizer-2.1.1.tar.gz", hash = "sha256:5a3d016c7c547f69d6f81fb0db9449ce888b418b5b9952cc5e6e66843e9dd845"},
    {file = "charset_normalizer-2.1.1-py3-none-any.whl", hash = "sha256:83e9a75d1911279afd89352c68b45348559d1fc0506b054b346651b5e7fee29f"},
]

[package.extras]
unicode-backport = ["unicodedata2"]

[[package]]
name = "idna"
version = "3.4"
description = "Internationalized Domain Names in Applications (IDNA)"
optional = false
python-versions = ">=3.5"
files = [
    {file = "idna-3.4-py3-none-any.whl", hash = "sha256:90b77e79eaa3eba6de819a0c442c0b4ceefc341a7a2ab77d7562bf49f425c5c2"},
    {file = "idna-3.4.tar.gz", hash = "sha256:814f528e8dead7d329833b91c5faa87d60bf71824cd12a7530b5526063d02cb4"},
]

[[package]]
name = "pycryptodomex"
version = "3.19.1"
description = "Cryptographic library for Python"
optional = false
python-versions = ">=2.7, !=3.0.*, !=3.1.*, !=3.2.*, !=3.3.*, !=3.4.*"
files = [
    {file = "pycryptodomex-3.19.1-cp27-cp27m-macosx_10_9_x86_64.whl", hash = "sha256:b5c336dc698650283ad06f8c0237a984087d0af9f403ff21d633507335628156"},
    {file = "pycryptodomex-3.19.1-cp27-cp27m-manylinux2010_i686.whl", hash = "sha256:c9cb88ed323be1aa642b3c17cd5caa1a03c3a8fbad092d48ecefe88e328ffae3"},
    {file = "pycryptodomex-3.19.1-cp27-cp27m-manylinux2010_x86_64.whl", hash = "sha256:0b42e2743893f386dfb58fe24a4c8be5305c3d1c825d5f23d9e63fd0700d1110"},
    {file = "pycryptodomex-3.19.1-cp27-cp27m-manylinux_2_17_aarch64.manylinux2014_aarch64.whl", hash = "sha256:10c2eed4efdfa084b602ab922e699a0a2ba82053baebfc8afcaf27489def7955"},
    {file = "pycryptodomex-3.19.1-cp27-cp27m-musllinux_1_1_aarch64.whl", hash = "sha256:e94a7e986b117b72e9472f8eafdd81748dafff30815401f9760f759f1debe9ef"},
    {file = "pycryptodomex-3.19.1-cp27-cp27m-win32.whl", hash = "sha256:23707238b024b36c35dd3428f5af6c1f0c5ef54c21e387a2063633717699b8b2"},
    {file = "pycryptodomex-3.19.1-cp27-cp27m-win_amd64.whl", hash = "sha256:c1ae2fb8d5d6771670436dcc889b293e363c97647a6d31c21eebc12b7b760010"},
    {file = "pycryptodomex-3.19.1-cp27-cp27mu-manylinux2010_i686.whl", hash = "sha256:d7a77391fd351ff1bdf8475558ddc6e92950218cb905419ee14aa02f370f1054"},
    {file = "pycryptodomex-3.19.1-cp27-cp27mu-manylinux2010_x86_64.whl", hash = "sha256:c9332b04bf3f838327087b028f690f4ddb9341eb014a0221e79b9c19a77f7555"},
    {file = "pycryptodomex-3.19.1-cp27-cp27mu-manylinux_2_17_aarch64.manylinux2014_aarch64.whl", hash = "sha256:beb5f0664f49b6093da179ee8e27c1d670779f50b9ece0886ce491bb8bd63728"},
    {file = "pycryptodomex-3.19.1-cp27-cp27mu-musllinux_1_1_aarch64.whl", hash = "sha256:d45d0d35a238d838b872598fa865bbfb31aaef9aeeda77c68b04ef79f9a469dc"},
    {file = "pycryptodomex-3.19.1-cp35-abi3-macosx_10_9_universal2.whl", hash = "sha256:ed3bdda44cc05dd13eee697ab9bea6928531bb7b218e68e66d0d3eb2ebab043e"},
    {file = "pycryptodomex-3.19.1-cp35-abi3-macosx_10_9_x86_64.whl", hash = "sha256:ae75eea2e908383fd4c659fdcfe9621a72869e3e3ee73904227e93b7f7b80b54"},
    {file = "pycryptodomex-3.19.1-cp35-abi3-manylinux_2_17_aarch64.manylinux2014_aarch64.whl", hash = "sha256:371bbe0be17b4dd8cc0c2f378d75ea33f00d5a39884c09a672016ac40145a5fa"},
    {file = "pycryptodomex-3.19.1-cp35-abi3-manylinux_2_17_x86_64.manylinux2014_x86_64.whl", hash = "sha256:96000b837bcd8e3bf86b419924a056c978e45027281e4318650c81c25a3ef6cc"},
    {file = "pycryptodomex-3.19.1-cp35-abi3-manylinux_2_5_i686.manylinux1_i686.manylinux_2_17_i686.manylinux2014_i686.whl", hash = "sha256:011e859026ecbd15b8e720e8992361186e582cf726c50bde6ff8c0c05e820ddf"},
    {file = "pycryptodomex-3.19.1-cp35-abi3-musllinux_1_1_aarch64.whl", hash = "sha256:76414d39df6b45bcc4f38cf1ba2031e0f4b8e99d1ba3c2eee31ffe1b9f039733"},
    {file = "pycryptodomex-3.19.1-cp35-abi3-musllinux_1_1_i686.whl", hash = "sha256:1c04cfff163c05d033bf28e3c4429d8222796738c7b6c1638b9d7090b904611e"},
    {file = "pycryptodomex-3.19.1-cp35-abi3-musllinux_1_1_x86_64.whl", hash = "sha256:de5a43901e47e7a6938490fc5de3074f6e35c8b481a75b227c0d24d6099bd41d"},
    {file = "pycryptodomex-3.19.1-cp35-abi3-win32.whl", hash = "sha256:f24f49fc6bd706d87048654d6be6c7c967d6836d4879e3a7c439275fab9948ad"},
    {file = "pycryptodomex-3.19.1-cp35-abi3-win_amd64.whl", hash = "sha256:f8b3d9e7c17c1ffc1fa5b11c0bbab8a5df3de8596bb32ad30281b21e5ede4bf5"},
    {file = "pycryptodomex-3.19.1-pp27-pypy_73-manylinux2010_x86_64.whl", hash = "sha256:ac562e239d98cfef763866c0aee4586affb0d58c592202f06c87241af99db241"},
    {file = "pycryptodomex-3.19.1-pp27-pypy_73-win32.whl", hash = "sha256:39eb1f82ac3ba3e39d866f38e480e8fa53fcdd22260340f05f54a8188d47d510"},
    {file = "pycryptodomex-3.19.1-pp310-pypy310_pp73-macosx_10_9_x86_64.whl", hash = "sha256:0bc4b7bfaac56e6dfd62044847443a3d110c7abea7fcb0d68c1aea64ed3a6697"},
    {file = "pycryptodomex-3.19.1-pp310-pypy310_pp73-manylinux_2_17_x86_64.manylinux2014_x86_64.whl", hash = "sha256:8dffe067d5fff14dba4d18ff7d459cc2a47576d82dafbff13a8f1199c3353e41"},
    {file = "pycryptodomex-3.19.1-pp310-pypy310_pp73-manylinux_2_5_i686.manylinux1_i686.manylinux_2_17_i686.manylinux2014_i686.whl", hash = "sha256:aab7941c2ff53eb63cb26252770e4f14386d79ce07baeffbf98a1323c1646545"},
    {file = "pycryptodomex-3.19.1-pp310-pypy310_pp73-win_amd64.whl", hash = "sha256:3f3c58971784fba0e014bc3f8aed1197b86719631e1b597d36d7354be5598312"},
    {file = "pycryptodomex-3.19.1-pp39-pypy39_pp73-macosx_10_9_x86_64.whl", hash = "sha256:5ca98de2e5ac100e57a7116309723360e8f799f722509e376dc396cdf65eec9c"},
    {file = "pycryptodomex-3.19.1-pp39-pypy39_pp73-manylinux_2_17_x86_64.manylinux2014_x86_64.whl", hash = "sha256:f8a97b1acd36e9ce9d4067d94a8be99c458f0eb8070828639302a95cfcf0770b"},
    {file = "pycryptodomex-3.19.1-pp39-pypy39_pp73-manylinux_2_5_i686.manylinux1_i686.manylinux_2_17_i686.manylinux2014_i686.whl", hash = "sha256:62f51a63d73153482729904381dd2de86800b0733a8814ee8f072fa73e5c92fb"},
    {file = "pycryptodomex-3.19.1-pp39-pypy39_pp73-win_amd64.whl", hash = "sha256:9919a1edd2a83c4dfb69f1d8a4c0c5efde7147ef15b07775633372b80c90b5d8"},
    {file = "pycryptodomex-3.19.1.tar.gz", hash = "sha256:0b7154aff2272962355f8941fd514104a88cb29db2d8f43a29af900d6398eb1c"},
]

[[package]]
name = "pyyaml"
version = "6.0"
description = "YAML parser and emitter for Python"
optional = false
python-versions = ">=3.6"
files = [
    {file = "PyYAML-6.0-cp310-cp310-macosx_10_9_x86_64.whl", hash = "sha256:d4db7c7aef085872ef65a8fd7d6d09a14ae91f691dec3e87ee5ee0539d516f53"},
    {file = "PyYAML-6.0-cp310-cp310-macosx_11_0_arm64.whl", hash = "sha256:9df7ed3b3d2e0ecfe09e14741b857df43adb5a3ddadc919a2d94fbdf78fea53c"},
    {file = "PyYAML-6.0-cp310-cp310-manylinux_2_17_aarch64.manylinux2014_aarch64.whl", hash = "sha256:77f396e6ef4c73fdc33a9157446466f1cff553d979bd00ecb64385760c6babdc"},
    {file = "PyYAML-6.0-cp310-cp310-manylinux_2_17_s390x.manylinux2014_s390x.whl", hash = "sha256:a80a78046a72361de73f8f395f1f1e49f956c6be882eed58505a15f3e430962b"},
    {file = "PyYAML-6.0-cp310-cp310-manylinux_2_5_x86_64.manylinux1_x86_64.manylinux_2_12_x86_64.manylinux2010_x86_64.whl", hash = "sha256:f84fbc98b019fef2ee9a1cb3ce93e3187a6df0b2538a651bfb890254ba9f90b5"},
    {file = "PyYAML-6.0-cp310-cp310-win32.whl", hash = "sha256:2cd5df3de48857ed0544b34e2d40e9fac445930039f3cfe4bcc592a1f836d513"},
    {file = "PyYAML-6.0-cp310-cp310-win_amd64.whl", hash = "sha256:daf496c58a8c52083df09b80c860005194014c3698698d1a57cbcfa182142a3a"},
    {file = "PyYAML-6.0-cp311-cp311-macosx_10_9_x86_64.whl", hash = "sha256:d4b0ba9512519522b118090257be113b9468d804b19d63c71dbcf4a48fa32358"},
    {file = "PyYAML-6.0-cp311-cp311-macosx_11_0_arm64.whl", hash = "sha256:81957921f441d50af23654aa6c5e5eaf9b06aba7f0a19c18a538dc7ef291c5a1"},
    {file = "PyYAML-6.0-cp311-cp311-manylinux_2_17_aarch64.manylinux2014_aarch64.whl", hash = "sha256:afa17f5bc4d1b10afd4466fd3a44dc0e245382deca5b3c353d8b757f9e3ecb8d"},
    {file = "PyYAML-6.0-cp311-cp311-manylinux_2_17_s390x.manylinux2014_s390x.whl", hash = "sha256:dbad0e9d368bb989f4515da330b88a057617d16b6a8245084f1b05400f24609f"},
    {file = "PyYAML-6.0-cp311-cp311-manylinux_2_17_x86_64.manylinux2014_x86_64.whl", hash = "sha256:432557aa2c09802be39460360ddffd48156e30721f5e8d917f01d31694216782"},
    {file = "PyYAML-6.0-cp311-cp311-win32.whl", hash = "sha256:bfaef573a63ba8923503d27530362590ff4f576c626d86a9fed95822a8255fd7"},
    {file = "PyYAML-6.0-cp311-cp311-win_amd64.whl", hash = "sha256:01b45c0191e6d66c470b6cf1b9531a771a83c1c4208272ead47a3ae4f2f603bf"},
    {file = "PyYAML-6.0-cp36-cp36m-macosx_10_9_x86_64.whl", hash = "sha256:897b80890765f037df3403d22bab41627ca8811ae55e9a722fd0392850ec4d86"},
    {file = "PyYAML-6.0-cp36-cp36m-manylinux_2_17_aarch64.manylinux2014_aarch64.whl", hash = "sha256:50602afada6d6cbfad699b0c7bb50d5ccffa7e46a3d738092afddc1f9758427f"},
    {file = "PyYAML-6.0-cp36-cp36m-manylinux_2_17_s390x.manylinux2014_s390x.whl", hash = "sha256:48c346915c114f5fdb3ead70312bd042a953a8ce5c7106d5bfb1a5254e47da92"},
    {file = "PyYAML-6.0-cp36-cp36m-manylinux_2_5_x86_64.manylinux1_x86_64.manylinux_2_12_x86_64.manylinux2010_x86_64.whl", hash = "sha256:98c4d36e99714e55cfbaaee6dd5badbc9a1ec339ebfc3b1f52e293aee6bb71a4"},
    {file = "PyYAML-6.0-cp36-cp36m-win32.whl", hash = "sha256:0283c35a6a9fbf047493e3a0ce8d79ef5030852c51e9d911a27badfde0605293"},
    {file = "PyYAML-6.0-cp36-cp36m-win_amd64.whl", hash = "sha256:07751360502caac1c067a8132d150cf3d61339af5691fe9e87803040dbc5db57"},
    {file = "PyYAML-6.0-cp37-cp37m-macosx_10_9_x86_64.whl", hash = "sha256:819b3830a1543db06c4d4b865e70ded25be52a2e0631ccd2f6a47a2822f2fd7c"},
    {file = "PyYAML-6.0-cp37-cp37m-manylinux_2_17_aarch64.manylinux2014_aarch64.whl", hash = "sha256:473f9edb243cb1935ab5a084eb238d842fb8f404ed2193a915d1784b5a6b5fc0"},
    {file = "PyYAML-6.0-cp37-cp37m-manylinux_2_17_s390x.manylinux2014_s390x.whl", hash = "sha256:0ce82d761c532fe4ec3f87fc45688bdd3a4c1dc5e0b4a19814b9009a29baefd4"},
    {file = "PyYAML-6.0-cp37-cp37m-manylinux_2_5_x86_64.manylinux1_x86_64.manylinux_2_12_x86_64.manylinux2010_x86_64.whl", hash = "sha256:231710d57adfd809ef5d34183b8ed1eeae3f76459c18fb4a0b373ad56bedcdd9"},
    {file = "PyYAML-6.0-cp37-cp37m-win32.whl", hash = "sha256:c5687b8d43cf58545ade1fe3e055f70eac7a5a1a0bf42824308d868289a95737"},
    {file = "PyYAML-6.0-cp37-cp37m-win_amd64.whl", hash = "sha256:d15a181d1ecd0d4270dc32edb46f7cb7733c7c508857278d3d378d14d606db2d"},
    {file = "PyYAML-6.0-cp38-cp38-macosx_10_9_x86_64.whl", hash = "sha256:0b4624f379dab24d3725ffde76559cff63d9ec94e1736b556dacdfebe5ab6d4b"},
    {file = "PyYAML-6.0-cp38-cp38-manylinux_2_17_aarch64.manylinux2014_aarch64.whl", hash = "sha256:213c60cd50106436cc818accf5baa1aba61c0189ff610f64f4a3e8c6726218ba"},
    {file = "PyYAML-6.0-cp38-cp38-manylinux_2_17_s390x.manylinux2014_s390x.whl", hash = "sha256:9fa600030013c4de8165339db93d182b9431076eb98eb40ee068700c9c813e34"},
    {file = "PyYAML-6.0-cp38-cp38-manylinux_2_5_x86_64.manylinux1_x86_64.manylinux_2_12_x86_64.manylinux2010_x86_64.whl", hash = "sha256:277a0ef2981ca40581a47093e9e2d13b3f1fbbeffae064c1d21bfceba2030287"},
    {file = "PyYAML-6.0-cp38-cp38-win32.whl", hash = "sha256:d4eccecf9adf6fbcc6861a38015c2a64f38b9d94838ac1810a9023a0609e1b78"},
    {file = "PyYAML-6.0-cp38-cp38-win_amd64.whl", hash = "sha256:1e4747bc279b4f613a09eb64bba2ba602d8a6664c6ce6396a4d0cd413a50ce07"},
    {file = "PyYAML-6.0-cp39-cp39-macosx_10_9_x86_64.whl", hash = "sha256:055d937d65826939cb044fc8c9b08889e8c743fdc6a32b33e2390f66013e449b"},
    {file = "PyYAML-6.0-cp39-cp39-macosx_11_0_arm64.whl", hash = "sha256:e61ceaab6f49fb8bdfaa0f92c4b57bcfbea54c09277b1b4f7ac376bfb7a7c174"},
    {file = "PyYAML-6.0-cp39-cp39-manylinux_2_17_aarch64.manylinux2014_aarch64.whl", hash = "sha256:d67d839ede4ed1b28a4e8909735fc992a923cdb84e618544973d7dfc71540803"},
    {file = "PyYAML-6.0-cp39-cp39-manylinux_2_17_s390x.manylinux2014_s390x.whl", hash = "sha256:cba8c411ef271aa037d7357a2bc8f9ee8b58b9965831d9e51baf703280dc73d3"},
    {file = "PyYAML-6.0-cp39-cp39-manylinux_2_5_x86_64.manylinux1_x86_64.manylinux_2_12_x86_64.manylinux2010_x86_64.whl", hash = "sha256:40527857252b61eacd1d9af500c3337ba8deb8fc298940291486c465c8b46ec0"},
    {file = "PyYAML-6.0-cp39-cp39-win32.whl", hash = "sha256:b5b9eccad747aabaaffbc6064800670f0c297e52c12754eb1d976c57e4f74dcb"},
    {file = "PyYAML-6.0-cp39-cp39-win_amd64.whl", hash = "sha256:b3d267842bf12586ba6c734f89d1f5b871df0273157918b0ccefa29deb05c21c"},
    {file = "PyYAML-6.0.tar.gz", hash = "sha256:68fb519c14306fec9720a2a5b45bc9f0c8d1b9c72adf45c37baedfcd949c35a2"},
]

[[package]]
name = "requests"
version = "2.31.0"
description = "Python HTTP for Humans."
optional = false
python-versions = ">=3.7"
files = [
    {file = "requests-2.31.0-py3-none-any.whl", hash = "sha256:58cd2187c01e70e6e26505bca751777aa9f2ee0b7f4300988b709f44e013003f"},
    {file = "requests-2.31.0.tar.gz", hash = "sha256:942c5a758f98d790eaed1a29cb6eefc7ffb0d1cf7af05c3d2791656dbd6ad1e1"},
]

[package.dependencies]
certifi = ">=2017.4.17"
charset-normalizer = ">=2,<4"
idna = ">=2.5,<4"
urllib3 = ">=1.21.1,<3"

[package.extras]
socks = ["PySocks (>=1.5.6,!=1.5.7)"]
use-chardet-on-py3 = ["chardet (>=3.0.2,<6)"]

[[package]]
name = "six"
version = "1.16.0"
description = "Python 2 and 3 compatibility utilities"
optional = false
python-versions = ">=2.7, !=3.0.*, !=3.1.*, !=3.2.*"
files = [
    {file = "six-1.16.0-py2.py3-none-any.whl", hash = "sha256:8abb2f1d86890a2dfb989f9a77cfcfd3e47c2a354b01111771326f8aa26e0254"},
    {file = "six-1.16.0.tar.gz", hash = "sha256:1e61c37477a1626458e36f7b1d82aa5c9b094fa4802892072e49de9c60c4c926"},
]

[[package]]
name = "steam"
version = "1.4.3"
description = "Module for interacting with various Steam features"
optional = false
python-versions = "*"
files = [
    {file = "steam-1.4.3.tar.gz", hash = "sha256:2b77a4cd509816336efc5b980ddccce1bd37ec0136d27b8e457301c3e25ba827"},
]

[package.dependencies]
cachetools = ">=3.0.0"
pycryptodomex = ">=3.7.0"
requests = ">=2.9.1"
six = ">=1.10"
vdf = ">=3.3"

[package.extras]
client = ["gevent (>=1.3.0)", "gevent-eventemitter (>=2.1,<3.0)", "protobuf (<3.18.0)", "protobuf (>=3.0,<4.0)"]

[[package]]
name = "urllib3"
version = "1.26.18"
description = "HTTP library with thread-safe connection pooling, file post, and more."
optional = false
python-versions = ">=2.7, !=3.0.*, !=3.1.*, !=3.2.*, !=3.3.*, !=3.4.*, !=3.5.*"
files = [
    {file = "urllib3-1.26.18-py2.py3-none-any.whl", hash = "sha256:34b97092d7e0a3a8cf7cd10e386f401b3737364026c45e622aa02903dffe0f07"},
    {file = "urllib3-1.26.18.tar.gz", hash = "sha256:f8ecc1bba5667413457c529ab955bf8c67b45db799d159066261719e328580a0"},
]

[package.extras]
brotli = ["brotli (==1.0.9)", "brotli (>=1.0.9)", "brotlicffi (>=0.8.0)", "brotlipy (>=0.6.0)"]
secure = ["certifi", "cryptography (>=1.3.4)", "idna (>=2.0.0)", "ipaddress", "pyOpenSSL (>=0.14)", "urllib3-secure-extra"]
socks = ["PySocks (>=1.5.6,!=1.5.7,<2.0)"]

[[package]]
name = "vdf"
version = "3.4"
description = "Library for working with Valve's VDF text format"
optional = false
python-versions = "*"
files = [
    {file = "vdf-3.4-py2.py3-none-any.whl", hash = "sha256:68c1a125cc49e343d535af2dd25074e9cb0908c6607f073947c4a04bbe234534"},
    {file = "vdf-3.4.tar.gz", hash = "sha256:fd5419f41e07a1009e5ffd027c7dcbe43d1f7e8ef453aeaa90d9d04b807de2af"},
]

[metadata]
lock-version = "2.0"
python-versions = "^3.7"
content-hash = "dbd4bd79e1e252cd2ba04f706cc54fbb41f158952337057c92aca6a8ec297bd4"
